# This file is automatically @generated by Cargo.
# It is not intended for manual editing.
version = 4

[[package]]
name = "pdf-ast"
version = "0.1.0"

[[package]]
name = "pdf-document"
version = "0.1.0"

[[package]]
name = "pdf-painter"
version = "0.1.0"

[[package]]
name = "pdf-parser"
version = "0.1.0"
dependencies = [
 "pdf-tokenizer",
]

[[package]]
name = "pdf-tokenizer"
version = "0.1.0"
